// !$*UTF8*$!
{
	archiveVersion = 1;
	classes = {
	};
	objectVersion = 46;
	objects = {

/* Begin PBXGroup section */
		D22B1BD11E9F2E530049E7AC = {
			isa = PBXGroup;
			children = (
			);
			sourceTree = "<group>";
		};
/* End PBXGroup section */

/* Begin PBXProject section */
		D22B1BD21E9F2E530049E7AC /* Project object */ = {
			isa = PBXProject;
			attributes = {
				LastUpgradeCheck = 0720;
			};
			buildConfigurationList = D22B1BD51E9F2E530049E7AC /* Build configuration list for PBXProject "Html_css_400" */;
			compatibilityVersion = "Xcode 3.2";
			developmentRegion = English;
			hasScannedForEncodings = 0;
			knownRegions = (
				en,
			);
			mainGroup = D22B1BD11E9F2E530049E7AC;
			projectDirPath = "";
			projectRoot = "";
			targets = (
			);
		};
/* End PBXProject section */

/* Begin XCBuildConfiguration section */
		D22B1BD61E9F2E530049E7AC /* Debug */ = {
			isa = XCBuildConfiguration;
			buildSettings = {
			};
			name = Debug;
		};
		D22B1BD71E9F2E530049E7AC /* Release */ = {
			isa = XCBuildConfiguration;
			buildSettings = {
			};
			name = Release;
		};
/* End XCBuildConfiguration section */

/* Begin XCConfigurationList section */
		D22B1BD51E9F2E530049E7AC /* Build configuration list for PBXProject "Html_css_400" */ = {
			isa = XCConfigurationList;
			buildConfigurations = (
				D22B1BD61E9F2E530049E7AC /* Debug */,
				D22B1BD71E9F2E530049E7AC /* Release */,
			);
			defaultConfigurationIsVisible = 0;
			defaultConfigurationName = Release;
		};
/* End XCConfigurationList section */
	};
	rootObject = D22B1BD21E9F2E530049E7AC /* Project object */;
}
